
Microsoft Visual Studio Solution File, Format Version 12.00
# Visual Studio Version 17
VisualStudioVersion = 17.8.34511.84
MinimumVisualStudioVersion = 10.0.40219.1
Project("{FAE04EC0-301F-11D3-BF4B-00C04F79EFBC}") = "RepositoryPatternDemo", "RepositoryPatternDemo\RepositoryPatternDemo.csproj", "{F068D447-FF99-4A4F-AA37-FB3241A3A0F6}"
EndProject
Global
	GlobalSection(SolutionConfigurationPlatforms) = preSolution
		Debug|Any CPU = Debug|Any CPU
		Release|Any CPU = Release|Any CPU
	EndGlobalSection
	GlobalSection(ProjectConfigurationPlatforms) = postSolution
		{F068D447-FF99-4A4F-AA37-FB3241A3A0F6}.Debug|Any CPU.ActiveCfg = Debug|Any CPU
		{F068D447-FF99-4A4F-AA37-FB3241A3A0F6}.Debug|Any CPU.Build.0 = Debug|Any CPU
		{F068D447-FF99-4A4F-AA37-FB3241A3A0F6}.Release|Any CPU.ActiveCfg = Release|Any CPU
		{F068D447-FF99-4A4F-AA37-FB3241A3A0F6}.Release|Any CPU.Build.0 = Release|Any CPU
	EndGlobalSection
	GlobalSection(SolutionProperties) = preSolution
		HideSolutionNode = FALSE
	EndGlobalSection
	GlobalSection(ExtensibilityGlobals) = postSolution
		SolutionGuid = {3DAD71C0-1353-4DB2-8C0C-5C9E8ABD8EC2}
	EndGlobalSection
EndGlobal
